
Microsoft Visual Studio Solution File, Format Version 12.00
# Visual Studio Version 17
VisualStudioVersion = 17.2.32526.322
MinimumVisualStudioVersion = 10.0.40219.1
Project("{9A19103F-16F7-4668-BE54-9A1E7A4F7556}") = "Proxfield.Database.Virtual", "src\Proxfield.Database.Virtual\Proxfield.Database.Virtual.csproj", "{B5BCE8A3-2C14-4BE6-BA61-4C323D299E1E}"
EndProject
Project("{2150E333-8FDC-42A3-9474-1A3956D46DE8}") = "src", "src", "{54346637-93AC-46E7-881C-3B3ECCC1F5C5}"
EndProject
Project("{2150E333-8FDC-42A3-9474-1A3956D46DE8}") = "samples", "samples", "{7E64E80A-3114-4EA4-9B77-F0D0335C758F}"
EndProject
Project("{FAE04EC0-301F-11D3-BF4B-00C04F79EFBC}") = "Proxfield.Database.Virtual.Sample", "Proxfield.Database.Virtual.Sample\Proxfield.Database.Virtual.Sample.csproj", "{025DB258-8FA6-4B57-A9B0-B035B0D03022}"
EndProject
Global
	GlobalSection(SolutionConfigurationPlatforms) = preSolution
		Debug|Any CPU = Debug|Any CPU
		Release|Any CPU = Release|Any CPU
	EndGlobalSection
	GlobalSection(ProjectConfigurationPlatforms) = postSolution
		{B5BCE8A3-2C14-4BE6-BA61-4C323D299E1E}.Debug|Any CPU.ActiveCfg = Debug|Any CPU
		{B5BCE8A3-2C14-4BE6-BA61-4C323D299E1E}.Debug|Any CPU.Build.0 = Debug|Any CPU
		{B5BCE8A3-2C14-4BE6-BA61-4C323D299E1E}.Release|Any CPU.ActiveCfg = Release|Any CPU
		{B5BCE8A3-2C14-4BE6-BA61-4C323D299E1E}.Release|Any CPU.Build.0 = Release|Any CPU
		{025DB258-8FA6-4B57-A9B0-B035B0D03022}.Debug|Any CPU.ActiveCfg = Debug|Any CPU
		{025DB258-8FA6-4B57-A9B0-B035B0D03022}.Debug|Any CPU.Build.0 = Debug|Any CPU
		{025DB258-8FA6-4B57-A9B0-B035B0D03022}.Release|Any CPU.ActiveCfg = Release|Any CPU
		{025DB258-8FA6-4B57-A9B0-B035B0D03022}.Release|Any CPU.Build.0 = Release|Any CPU
	EndGlobalSection
	GlobalSection(SolutionProperties) = preSolution
		HideSolutionNode = FALSE
	EndGlobalSection
	GlobalSection(NestedProjects) = preSolution
		{B5BCE8A3-2C14-4BE6-BA61-4C323D299E1E} = {54346637-93AC-46E7-881C-3B3ECCC1F5C5}
		{025DB258-8FA6-4B57-A9B0-B035B0D03022} = {7E64E80A-3114-4EA4-9B77-F0D0335C758F}
	EndGlobalSection
	GlobalSection(ExtensibilityGlobals) = postSolution
		SolutionGuid = {39A29798-4BDC-4BCD-8C5D-F3E9450AFF22}
	EndGlobalSection
EndGlobal
